
Microsoft Visual Studio Solution File, Format Version 12.00
# Visual Studio Version 16
VisualStudioVersion = 16.0.28803.452
MinimumVisualStudioVersion = 10.0.40219.1
Project("{9A19103F-16F7-4668-BE54-9A1E7A4F7556}") = "MSS.Data.RDB.Model", "MSS.Data.RDB.Model\MSS.Data.RDB.Model.csproj", "{D310E532-6B85-42BB-9B7E-53DECA3BACD2}"
EndProject
Project("{9A19103F-16F7-4668-BE54-9A1E7A4F7556}") = "MSS.Data.RDB.Dao", "MSS.Data.RDB.Dao\MSS.Data.RDB.Dao.csproj", "{5CAA4E0C-2C48-42AF-A33F-EF75ACED5F2E}"
EndProject
Project("{9A19103F-16F7-4668-BE54-9A1E7A4F7556}") = "MSS.Data.RDB.Rest", "MSS.Data.RDB.Rest\MSS.Data.RDB.Rest.csproj", "{2C06C38B-582F-4286-9AAE-1C62A7F36812}"
EndProject
Project("{9A19103F-16F7-4668-BE54-9A1E7A4F7556}") = "MSS.Data.RDB.Rest.Ess", "MSS.Data.RDB.Rest.Ess\MSS.Data.RDB.Rest.Ess.csproj", "{7FFB963B-0040-4BD4-9201-CA3270F9C351}"
EndProject
Project("{9A19103F-16F7-4668-BE54-9A1E7A4F7556}") = "MSS.Data.RDB.Rest.His", "MSS.Data.RDB.Rest.His\MSS.Data.RDB.Rest.His.csproj", "{CEC70395-0EB6-46F6-A9CC-09279999334D}"
EndProject
Global
	GlobalSection(SolutionConfigurationPlatforms) = preSolution
		Debug|Any CPU = Debug|Any CPU
		Release|Any CPU = Release|Any CPU
	EndGlobalSection
	GlobalSection(ProjectConfigurationPlatforms) = postSolution
		{D310E532-6B85-42BB-9B7E-53DECA3BACD2}.Debug|Any CPU.ActiveCfg = Debug|Any CPU
		{D310E532-6B85-42BB-9B7E-53DECA3BACD2}.Debug|Any CPU.Build.0 = Debug|Any CPU
		{D310E532-6B85-42BB-9B7E-53DECA3BACD2}.Release|Any CPU.ActiveCfg = Release|Any CPU
		{D310E532-6B85-42BB-9B7E-53DECA3BACD2}.Release|Any CPU.Build.0 = Release|Any CPU
		{5CAA4E0C-2C48-42AF-A33F-EF75ACED5F2E}.Debug|Any CPU.ActiveCfg = Debug|Any CPU
		{5CAA4E0C-2C48-42AF-A33F-EF75ACED5F2E}.Debug|Any CPU.Build.0 = Debug|Any CPU
		{5CAA4E0C-2C48-42AF-A33F-EF75ACED5F2E}.Release|Any CPU.ActiveCfg = Release|Any CPU
		{5CAA4E0C-2C48-42AF-A33F-EF75ACED5F2E}.Release|Any CPU.Build.0 = Release|Any CPU
		{2C06C38B-582F-4286-9AAE-1C62A7F36812}.Debug|Any CPU.ActiveCfg = Debug|Any CPU
		{2C06C38B-582F-4286-9AAE-1C62A7F36812}.Debug|Any CPU.Build.0 = Debug|Any CPU
		{2C06C38B-582F-4286-9AAE-1C62A7F36812}.Release|Any CPU.ActiveCfg = Release|Any CPU
		{2C06C38B-582F-4286-9AAE-1C62A7F36812}.Release|Any CPU.Build.0 = Release|Any CPU
		{7FFB963B-0040-4BD4-9201-CA3270F9C351}.Debug|Any CPU.ActiveCfg = Debug|Any CPU
		{7FFB963B-0040-4BD4-9201-CA3270F9C351}.Debug|Any CPU.Build.0 = Debug|Any CPU
		{7FFB963B-0040-4BD4-9201-CA3270F9C351}.Release|Any CPU.ActiveCfg = Release|Any CPU
		{7FFB963B-0040-4BD4-9201-CA3270F9C351}.Release|Any CPU.Build.0 = Release|Any CPU
		{CEC70395-0EB6-46F6-A9CC-09279999334D}.Debug|Any CPU.ActiveCfg = Debug|Any CPU
		{CEC70395-0EB6-46F6-A9CC-09279999334D}.Debug|Any CPU.Build.0 = Debug|Any CPU
		{CEC70395-0EB6-46F6-A9CC-09279999334D}.Release|Any CPU.ActiveCfg = Release|Any CPU
		{CEC70395-0EB6-46F6-A9CC-09279999334D}.Release|Any CPU.Build.0 = Release|Any CPU
	EndGlobalSection
	GlobalSection(SolutionProperties) = preSolution
		HideSolutionNode = FALSE
	EndGlobalSection
	GlobalSection(ExtensibilityGlobals) = postSolution
		SolutionGuid = {18B60BFF-A080-4A8A-8FB1-BCFE2449D2A4}
	EndGlobalSection
EndGlobal
