
Microsoft Visual Studio Solution File, Format Version 12.00
# Visual Studio Version 16
VisualStudioVersion = 16.0.28917.182
MinimumVisualStudioVersion = 10.0.40219.1
Project("{9A19103F-16F7-4668-BE54-9A1E7A4F7556}") = "rdbMicroservice", "rdbMicroservice.csproj", "{1E961E20-62B1-49B8-A63E-2648F32816FD}"
EndProject
Global
	GlobalSection(SolutionConfigurationPlatforms) = preSolution
		Debug|Any CPU = Debug|Any CPU
		Release|Any CPU = Release|Any CPU
	EndGlobalSection
	GlobalSection(ProjectConfigurationPlatforms) = postSolution
		{1E961E20-62B1-49B8-A63E-2648F32816FD}.Debug|Any CPU.ActiveCfg = Debug|Any CPU
		{1E961E20-62B1-49B8-A63E-2648F32816FD}.Debug|Any CPU.Build.0 = Debug|Any CPU
		{1E961E20-62B1-49B8-A63E-2648F32816FD}.Release|Any CPU.ActiveCfg = Release|Any CPU
		{1E961E20-62B1-49B8-A63E-2648F32816FD}.Release|Any CPU.Build.0 = Release|Any CPU
	EndGlobalSection
	GlobalSection(SolutionProperties) = preSolution
		HideSolutionNode = FALSE
	EndGlobalSection
	GlobalSection(ExtensibilityGlobals) = postSolution
		SolutionGuid = {61E83EE1-DA85-465D-A569-FCA46923F758}
	EndGlobalSection
EndGlobal
